
Microsoft Visual Studio Solution File, Format Version 12.00
# Visual Studio Version 17
VisualStudioVersion = 17.4.33213.308
MinimumVisualStudioVersion = 10.0.40219.1
Project("{FAE04EC0-301F-11D3-BF4B-00C04F79EFBC}") = "HW1", "HW1\HW1.csproj", "{62A82A21-E1BD-458E-8926-A2226577DC14}"
EndProject
Global
	GlobalSection(SolutionConfigurationPlatforms) = preSolution
		Debug|Any CPU = Debug|Any CPU
		Release|Any CPU = Release|Any CPU
	EndGlobalSection
	GlobalSection(ProjectConfigurationPlatforms) = postSolution
		{62A82A21-E1BD-458E-8926-A2226577DC14}.Debug|Any CPU.ActiveCfg = Debug|Any CPU
		{62A82A21-E1BD-458E-8926-A2226577DC14}.Debug|Any CPU.Build.0 = Debug|Any CPU
		{62A82A21-E1BD-458E-8926-A2226577DC14}.Release|Any CPU.ActiveCfg = Release|Any CPU
		{62A82A21-E1BD-458E-8926-A2226577DC14}.Release|Any CPU.Build.0 = Release|Any CPU
	EndGlobalSection
	GlobalSection(SolutionProperties) = preSolution
		HideSolutionNode = FALSE
	EndGlobalSection
	GlobalSection(ExtensibilityGlobals) = postSolution
		SolutionGuid = {BAAF4B21-6D2B-480E-A0BF-E02B84D4EFB7}
	EndGlobalSection
EndGlobal
